<?xml version="1.0" encoding="utf-8"?>
<Project ToolsVersion="4.0" xmlns="http://schemas.microsoft.com/developer/msbuild/2003">
  <ItemGroup>
    <Filter Include="Source Files">
      <UniqueIdentifier>{4FC737F1-C7A5-4376-A066-2A32D752A2FF}</UniqueIdentifier>
      <Extensions>cpp;c;cc;cxx;def;odl;idl;hpj;bat;asm;asmx</Extensions>
    </Filter>
    <Filter Include="Header Files">
      <UniqueIdentifier>{93995380-89BD-4b04-88EB-625FBE52EBFB}</UniqueIdentifier>
      <Extensions>h;hh;hpp;hxx;hm;inl;inc;xsd</Extensions>
    </Filter>
    <Filter Include="Resource Files">
      <UniqueIdentifier>{67DA6AB6-F800-4c08-8B7A-83BB121AAD01}</UniqueIdentifier>
      <Extensions>rc;ico;cur;bmp;dlg;rc2;rct;bin;rgs;gif;jpg;jpeg;jpe;resx;tiff;tif;png;wav;mfcribbon-ms</Extensions>
    </Filter>
    <Filter Include="Resource Files\Sprites">
      <UniqueIdentifier>{2758857f-9e86-41e6-a93d-da851b5a1b07}</UniqueIdentifier>
    </Filter>
    <Filter Include="Resource Files\Background">
      <UniqueIdentifier>{db47aa49-f97f-4dd4-b34f-58293781028b}</UniqueIdentifier>
    </Filter>
  </ItemGroup>
  <ItemGroup>
    <Text Include="readme.txt" />
  </ItemGroup>
  <ItemGroup>
    <ClCompile Include="res\james_sprite.c">
      <Filter>Resource Files\Sprites</Filter>
    </ClCompile>
    <ClCompile Include="res\donut_sprite.c">
      <Filter>Resource Files\Sprites</Filter>
    </ClCompile>
    <ClCompile Include="Animation16x16.c">
      <Filter>Source Files</Filter>
    </ClCompile>
    <ClCompile Include="res\robot_sprite.c">
      <Filter>Resource Files\Sprites</Filter>
    </ClCompile>
    <ClCompile Include="Sprite16x16.c">
      <Filter>Source Files</Filter>
    </ClCompile>
    <ClCompile Include="Entity.c">
      <Filter>Source Files</Filter>
    </ClCompile>
    <ClCompile Include="Maths.c">
      <Filter>Source Files</Filter>
    </ClCompile>
    <ClCompile Include="res\krispykreme_bkg.c">
      <Filter>Resource Files\Background</Filter>
    </ClCompile>
    <ClCompile Include="res\krispy_bkg_large.C">
      <Filter>Resource Files\Background</Filter>
    </ClCompile>
    <ClCompile Include="res\krispy_bkg_large_map.C">
      <Filter>Resource Files\Background</Filter>
    </ClCompile>
    <ClCompile Include="TitleScene.c">
      <Filter>Source Files</Filter>
    </ClCompile>
    <ClCompile Include="GameScene.c">
      <Filter>Source Files</Filter>
    </ClCompile>
    <ClCompile Include="main.c">
      <Filter>Source Files</Filter>
    </ClCompile>
    <ClCompile Include="res\attack_text.C">
      <Filter>Resource Files\Background</Filter>
    </ClCompile>
    <ClCompile Include="res\attack_text_map.C">
      <Filter>Resource Files\Background</Filter>
    </ClCompile>
    <ClCompile Include="res\numbers.c">
      <Filter>Resource Files\Background</Filter>
    </ClCompile>
    <ClCompile Include="ExternalRam.c">
      <Filter>Source Files</Filter>
    </ClCompile>
    <ClCompile Include="HighScore.c">
      <Filter>Source Files</Filter>
    </ClCompile>
  </ItemGroup>
  <ItemGroup>
    <None Include="build.bat">
      <Filter>Source Files</Filter>
    </None>
    <None Include=".gitignore" />
  </ItemGroup>
  <ItemGroup>
    <ClInclude Include="res\james_sprite.h">
      <Filter>Resource Files\Sprites</Filter>
    </ClInclude>
    <ClInclude Include="res\donut_sprite.h">
      <Filter>Resource Files\Sprites</Filter>
    </ClInclude>
    <ClInclude Include="Animation16x16.h">
      <Filter>Header Files</Filter>
    </ClInclude>
    <ClInclude Include="res\robot_sprite.h">
      <Filter>Resource Files\Sprites</Filter>
    </ClInclude>
    <ClInclude Include="Sprite16x16.h">
      <Filter>Header Files</Filter>
    </ClInclude>
    <ClInclude Include="Entity.h">
      <Filter>Header Files</Filter>
    </ClInclude>
    <ClInclude Include="Maths.h">
      <Filter>Header Files</Filter>
    </ClInclude>
    <ClInclude Include="res\krispykreme_bkg.h">
      <Filter>Resource Files\Background</Filter>
    </ClInclude>
    <ClInclude Include="res\krispy_bkg_large.h">
      <Filter>Resource Files\Background</Filter>
    </ClInclude>
    <ClInclude Include="res\krispy_bkg_large_map.h">
      <Filter>Resource Files\Background</Filter>
    </ClInclude>
    <ClInclude Include="TitleScene.h">
      <Filter>Header Files</Filter>
    </ClInclude>
    <ClInclude Include="GameScene.h">
      <Filter>Header Files</Filter>
    </ClInclude>
    <ClInclude Include="res\attack_text.h">
      <Filter>Resource Files\Background</Filter>
    </ClInclude>
    <ClInclude Include="res\attack_text_map.h">
      <Filter>Resource Files\Background</Filter>
    </ClInclude>
    <ClInclude Include="res\numbers.h">
      <Filter>Resource Files\Background</Filter>
    </ClInclude>
    <ClInclude Include="BitTwiddling.h">
      <Filter>Header Files</Filter>
    </ClInclude>
    <ClInclude Include="ExternalRam.h">
      <Filter>Header Files</Filter>
    </ClInclude>
    <ClInclude Include="HighScore.h">
      <Filter>Header Files</Filter>
    </ClInclude>
  </ItemGroup>
</Project>